
Microsoft Visual Studio Solution File, Format Version 12.00
# Visual Studio Version 17
VisualStudioVersion = 17.3.32804.467
MinimumVisualStudioVersion = 10.0.40219.1
Project("{FAE04EC0-301F-11D3-BF4B-00C04F79EFBC}") = "Thema2_Collecties_1_Oefeningen_2", "Thema2_Collecties_1_Oefeningen_2\Thema2_Collecties_1_Oefeningen_2.csproj", "{E8F1FFD7-FEE2-4216-9610-B4D68B9E9E48}"
EndProject
Global
	GlobalSection(SolutionConfigurationPlatforms) = preSolution
		Debug|Any CPU = Debug|Any CPU
		Release|Any CPU = Release|Any CPU
	EndGlobalSection
	GlobalSection(ProjectConfigurationPlatforms) = postSolution
		{E8F1FFD7-FEE2-4216-9610-B4D68B9E9E48}.Debug|Any CPU.ActiveCfg = Debug|Any CPU
		{E8F1FFD7-FEE2-4216-9610-B4D68B9E9E48}.Debug|Any CPU.Build.0 = Debug|Any CPU
		{E8F1FFD7-FEE2-4216-9610-B4D68B9E9E48}.Release|Any CPU.ActiveCfg = Release|Any CPU
		{E8F1FFD7-FEE2-4216-9610-B4D68B9E9E48}.Release|Any CPU.Build.0 = Release|Any CPU
	EndGlobalSection
	GlobalSection(SolutionProperties) = preSolution
		HideSolutionNode = FALSE
	EndGlobalSection
	GlobalSection(ExtensibilityGlobals) = postSolution
		SolutionGuid = {5EA4D51A-3284-48E2-AD37-EBBC4D73D751}
	EndGlobalSection
EndGlobal
